PODS:
  - Capacitor (5.6.0):
    - CapacitorCordova
  - CapacitorClipboard (5.0.6):
    - Capacitor
  - CapacitorCordova (5.6.0)
  - CapacitorWebviewController (0.0.13):
    - Capacitor

DEPENDENCIES:
  - "Capacitor (from `../../node_modules/.pnpm/@capacitor+ios@5.6.0_@capacitor+core@5.6.0/node_modules/@capacitor/ios`)"
  - "CapacitorClipboard (from `../../node_modules/.pnpm/@capacitor+clipboard@5.0.6_@capacitor+core@5.6.0/node_modules/@capacitor/clipboard`)"
  - "CapacitorCordova (from `../../node_modules/.pnpm/@capacitor+ios@5.6.0_@capacitor+core@5.6.0/node_modules/@capacitor/ios`)"
  - "CapacitorWebviewController (from `../../node_modules/.pnpm/capacitor-webview-controller@0.0.13_patch_hash=kezqc6vtyloxm4cu3kknlr5epq_@capacitor+core@5.6.0/node_modules/capacitor-webview-controller`)"

EXTERNAL SOURCES:
  Capacitor:
    :path: "../../node_modules/.pnpm/@capacitor+ios@5.6.0_@capacitor+core@5.6.0/node_modules/@capacitor/ios"
  CapacitorClipboard:
    :path: "../../node_modules/.pnpm/@capacitor+clipboard@5.0.6_@capacitor+core@5.6.0/node_modules/@capacitor/clipboard"
  CapacitorCordova:
    :path: "../../node_modules/.pnpm/@capacitor+ios@5.6.0_@capacitor+core@5.6.0/node_modules/@capacitor/ios"
  CapacitorWebviewController:
    :path: "../../node_modules/.pnpm/capacitor-webview-controller@0.0.13_patch_hash=kezqc6vtyloxm4cu3kknlr5epq_@capacitor+core@5.6.0/node_modules/capacitor-webview-controller"

SPEC CHECKSUMS:
  Capacitor: ebfc16cdb8116d04c101686b080342872da42d43
  CapacitorClipboard: 77edf49827ea21da2a9c05c690a4a6a4d07199c4
  CapacitorCordova: 931b48fcdbc9bc985fc2f16cec9f77c794a27729
  CapacitorWebviewController: 1b3154bee89c5fbd243b9bed0ac9b2443c3e438b

PODFILE CHECKSUM: 224a81dc2860edc5987df464cc6f8ee4751e2625

COCOAPODS: 1.14.3
